
Microsoft Visual Studio Solution File, Format Version 11.00
# Visual Studio 2010
Project("{FAE04EC0-301F-11D3-BF4B-00C04F79EFBC}") = "PrintTokens", "PrintTokens\PrintTokens.csproj", "{EA34B02B-C984-4917-8987-3A129FE19E21}"
EndProject
Project("{FAE04EC0-301F-11D3-BF4B-00C04F79EFBC}") = "TotInfo", "TotInfo\TotInfo.csproj", "{5CADB8CC-8379-47DA-BB1F-92633519C4FE}"
EndProject
Project("{FAE04EC0-301F-11D3-BF4B-00C04F79EFBC}") = "PrintTokens.Tests", "PrintTokens.Tests\PrintTokens.Tests.csproj", "{B627B3A2-D9D9-47C7-A3CB-32C0A72F0823}"
EndProject
Project("{2150E333-8FDC-42A3-9474-1A3956D46DE8}") = "Solution Items", "Solution Items", "{D74E0DB4-12B3-431E-B907-CED42DBAC320}"
	ProjectSection(SolutionItems) = preProject
		Local.testsettings = Local.testsettings
		PrintTokens.vsmdi = PrintTokens.vsmdi
		TraceAndTestImpact.testsettings = TraceAndTestImpact.testsettings
	EndProjectSection
EndProject
Project("{FAE04EC0-301F-11D3-BF4B-00C04F79EFBC}") = "Shared", "Shared\Shared.csproj", "{1CA50A24-45C3-4676-858F-28003B28CECA}"
EndProject
Project("{FAE04EC0-301F-11D3-BF4B-00C04F79EFBC}") = "Replace", "Replace\Replace.csproj", "{342C3D43-64CD-41AD-A70A-B9FCA673EF30}"
EndProject
Global
	GlobalSection(TestCaseManagementSettings) = postSolution
		CategoryFile = PrintTokens.vsmdi
	EndGlobalSection
	GlobalSection(SolutionConfigurationPlatforms) = preSolution
		Debug|Any CPU = Debug|Any CPU
		Debug|Mixed Platforms = Debug|Mixed Platforms
		Debug|x86 = Debug|x86
		Release|Any CPU = Release|Any CPU
		Release|Mixed Platforms = Release|Mixed Platforms
		Release|x86 = Release|x86
	EndGlobalSection
	GlobalSection(ProjectConfigurationPlatforms) = postSolution
		{EA34B02B-C984-4917-8987-3A129FE19E21}.Debug|Any CPU.ActiveCfg = Debug|x86
		{EA34B02B-C984-4917-8987-3A129FE19E21}.Debug|Mixed Platforms.ActiveCfg = Debug|x86
		{EA34B02B-C984-4917-8987-3A129FE19E21}.Debug|Mixed Platforms.Build.0 = Debug|x86
		{EA34B02B-C984-4917-8987-3A129FE19E21}.Debug|x86.ActiveCfg = Debug|x86
		{EA34B02B-C984-4917-8987-3A129FE19E21}.Debug|x86.Build.0 = Debug|x86
		{EA34B02B-C984-4917-8987-3A129FE19E21}.Release|Any CPU.ActiveCfg = Release|x86
		{EA34B02B-C984-4917-8987-3A129FE19E21}.Release|Mixed Platforms.ActiveCfg = Release|x86
		{EA34B02B-C984-4917-8987-3A129FE19E21}.Release|Mixed Platforms.Build.0 = Release|x86
		{EA34B02B-C984-4917-8987-3A129FE19E21}.Release|x86.ActiveCfg = Release|x86
		{EA34B02B-C984-4917-8987-3A129FE19E21}.Release|x86.Build.0 = Release|x86
		{5CADB8CC-8379-47DA-BB1F-92633519C4FE}.Debug|Any CPU.ActiveCfg = Debug|x86
		{5CADB8CC-8379-47DA-BB1F-92633519C4FE}.Debug|Mixed Platforms.ActiveCfg = Debug|x86
		{5CADB8CC-8379-47DA-BB1F-92633519C4FE}.Debug|Mixed Platforms.Build.0 = Debug|x86
		{5CADB8CC-8379-47DA-BB1F-92633519C4FE}.Debug|x86.ActiveCfg = Debug|x86
		{5CADB8CC-8379-47DA-BB1F-92633519C4FE}.Debug|x86.Build.0 = Debug|x86
		{5CADB8CC-8379-47DA-BB1F-92633519C4FE}.Release|Any CPU.ActiveCfg = Release|x86
		{5CADB8CC-8379-47DA-BB1F-92633519C4FE}.Release|Mixed Platforms.ActiveCfg = Release|x86
		{5CADB8CC-8379-47DA-BB1F-92633519C4FE}.Release|Mixed Platforms.Build.0 = Release|x86
		{5CADB8CC-8379-47DA-BB1F-92633519C4FE}.Release|x86.ActiveCfg = Release|x86
		{5CADB8CC-8379-47DA-BB1F-92633519C4FE}.Release|x86.Build.0 = Release|x86
		{B627B3A2-D9D9-47C7-A3CB-32C0A72F0823}.Debug|Any CPU.ActiveCfg = Debug|Any CPU
		{B627B3A2-D9D9-47C7-A3CB-32C0A72F0823}.Debug|Any CPU.Build.0 = Debug|Any CPU
		{B627B3A2-D9D9-47C7-A3CB-32C0A72F0823}.Debug|Mixed Platforms.ActiveCfg = Debug|Any CPU
		{B627B3A2-D9D9-47C7-A3CB-32C0A72F0823}.Debug|Mixed Platforms.Build.0 = Debug|Any CPU
		{B627B3A2-D9D9-47C7-A3CB-32C0A72F0823}.Debug|x86.ActiveCfg = Debug|Any CPU
		{B627B3A2-D9D9-47C7-A3CB-32C0A72F0823}.Release|Any CPU.ActiveCfg = Release|Any CPU
		{B627B3A2-D9D9-47C7-A3CB-32C0A72F0823}.Release|Any CPU.Build.0 = Release|Any CPU
		{B627B3A2-D9D9-47C7-A3CB-32C0A72F0823}.Release|Mixed Platforms.ActiveCfg = Release|Any CPU
		{B627B3A2-D9D9-47C7-A3CB-32C0A72F0823}.Release|Mixed Platforms.Build.0 = Release|Any CPU
		{B627B3A2-D9D9-47C7-A3CB-32C0A72F0823}.Release|x86.ActiveCfg = Release|Any CPU
		{1CA50A24-45C3-4676-858F-28003B28CECA}.Debug|Any CPU.ActiveCfg = Debug|x86
		{1CA50A24-45C3-4676-858F-28003B28CECA}.Debug|Mixed Platforms.ActiveCfg = Debug|x86
		{1CA50A24-45C3-4676-858F-28003B28CECA}.Debug|Mixed Platforms.Build.0 = Debug|x86
		{1CA50A24-45C3-4676-858F-28003B28CECA}.Debug|x86.ActiveCfg = Debug|x86
		{1CA50A24-45C3-4676-858F-28003B28CECA}.Debug|x86.Build.0 = Debug|x86
		{1CA50A24-45C3-4676-858F-28003B28CECA}.Release|Any CPU.ActiveCfg = Release|x86
		{1CA50A24-45C3-4676-858F-28003B28CECA}.Release|Mixed Platforms.ActiveCfg = Release|x86
		{1CA50A24-45C3-4676-858F-28003B28CECA}.Release|Mixed Platforms.Build.0 = Release|x86
		{1CA50A24-45C3-4676-858F-28003B28CECA}.Release|x86.ActiveCfg = Release|x86
		{1CA50A24-45C3-4676-858F-28003B28CECA}.Release|x86.Build.0 = Release|x86
		{342C3D43-64CD-41AD-A70A-B9FCA673EF30}.Debug|Any CPU.ActiveCfg = Debug|Any CPU
		{342C3D43-64CD-41AD-A70A-B9FCA673EF30}.Debug|Any CPU.Build.0 = Debug|Any CPU
		{342C3D43-64CD-41AD-A70A-B9FCA673EF30}.Debug|Mixed Platforms.ActiveCfg = Debug|Any CPU
		{342C3D43-64CD-41AD-A70A-B9FCA673EF30}.Debug|Mixed Platforms.Build.0 = Debug|Any CPU
		{342C3D43-64CD-41AD-A70A-B9FCA673EF30}.Debug|x86.ActiveCfg = Debug|Any CPU
		{342C3D43-64CD-41AD-A70A-B9FCA673EF30}.Release|Any CPU.ActiveCfg = Release|Any CPU
		{342C3D43-64CD-41AD-A70A-B9FCA673EF30}.Release|Any CPU.Build.0 = Release|Any CPU
		{342C3D43-64CD-41AD-A70A-B9FCA673EF30}.Release|Mixed Platforms.ActiveCfg = Release|Any CPU
		{342C3D43-64CD-41AD-A70A-B9FCA673EF30}.Release|Mixed Platforms.Build.0 = Release|Any CPU
		{342C3D43-64CD-41AD-A70A-B9FCA673EF30}.Release|x86.ActiveCfg = Release|Any CPU
	EndGlobalSection
	GlobalSection(SolutionProperties) = preSolution
		HideSolutionNode = FALSE
	EndGlobalSection
EndGlobal
