
Microsoft Visual Studio Solution File, Format Version 11.00
# Visual Studio 2010
Project("{FAE04EC0-301F-11D3-BF4B-00C04F79EFBC}") = "FaultLocalization", "analysis\FaultLocalization.csproj", "{FAA3A0C5-8F50-4EFB-9D10-B7E114DA2040}"
	ProjectSection(ProjectDependencies) = postProject
		{BF8705CC-B976-453C-916B-04F1B67EA035} = {BF8705CC-B976-453C-916B-04F1B67EA035}
	EndProjectSection
EndProject
Project("{2150E333-8FDC-42A3-9474-1A3956D46DE8}") = "Solution Items", "Solution Items", "{8046851F-D2DC-4D36-8A31-6531142EAD2C}"
	ProjectSection(SolutionItems) = preProject
		Local.testsettings = Local.testsettings
		PexFaultLocalization.vsmdi = PexFaultLocalization.vsmdi
		TraceAndTestImpact.testsettings = TraceAndTestImpact.testsettings
	EndProjectSection
EndProject
Project("{FAE04EC0-301F-11D3-BF4B-00C04F79EFBC}") = "FaultLocalization.Tests", "FaultLocalization.Tests\FaultLocalization.Tests.csproj", "{82838DB3-B77C-4AEE-AC7A-29CD3F816815}"
EndProject
Project("{FAE04EC0-301F-11D3-BF4B-00C04F79EFBC}") = "UTCore", "UTCore\UTCore.csproj", "{BF8705CC-B976-453C-916B-04F1B67EA035}"
EndProject
Project("{FAE04EC0-301F-11D3-BF4B-00C04F79EFBC}") = "KALib", "Lib\KALib.csproj", "{D87145D1-8315-4014-B79F-D378E1A7559C}"
EndProject
Project("{FAE04EC0-301F-11D3-BF4B-00C04F79EFBC}") = "ValueInjector", "ValueInjector\ValueInjector.csproj", "{572DE8E6-DAE7-4541-81B6-AB0422ACBC6D}"
EndProject
Project("{FAE04EC0-301F-11D3-BF4B-00C04F79EFBC}") = "AssemblyRewriter", "AssemblyRewriter\AssemblyRewriter.csproj", "{E50E8F57-2805-4C0B-B826-754AB1E9C257}"
EndProject
Project("{FAE04EC0-301F-11D3-BF4B-00C04F79EFBC}") = "FaultLocalization.Util", "Util\FaultLocalization.Util.csproj", "{E3F74663-FC5A-4E92-B47C-C5B882B63D3B}"
EndProject
Global
	GlobalSection(TestCaseManagementSettings) = postSolution
		CategoryFile = PexFaultLocalization.vsmdi
	EndGlobalSection
	GlobalSection(SolutionConfigurationPlatforms) = preSolution
		Debug|Any CPU = Debug|Any CPU
		Debug|Mixed Platforms = Debug|Mixed Platforms
		Debug|x86 = Debug|x86
		Release|Any CPU = Release|Any CPU
		Release|Mixed Platforms = Release|Mixed Platforms
		Release|x86 = Release|x86
	EndGlobalSection
	GlobalSection(ProjectConfigurationPlatforms) = postSolution
		{FAA3A0C5-8F50-4EFB-9D10-B7E114DA2040}.Debug|Any CPU.ActiveCfg = Debug|x86
		{FAA3A0C5-8F50-4EFB-9D10-B7E114DA2040}.Debug|Mixed Platforms.ActiveCfg = Debug|x86
		{FAA3A0C5-8F50-4EFB-9D10-B7E114DA2040}.Debug|Mixed Platforms.Build.0 = Debug|x86
		{FAA3A0C5-8F50-4EFB-9D10-B7E114DA2040}.Debug|x86.ActiveCfg = Debug|x86
		{FAA3A0C5-8F50-4EFB-9D10-B7E114DA2040}.Debug|x86.Build.0 = Debug|x86
		{FAA3A0C5-8F50-4EFB-9D10-B7E114DA2040}.Release|Any CPU.ActiveCfg = Release|x86
		{FAA3A0C5-8F50-4EFB-9D10-B7E114DA2040}.Release|Mixed Platforms.ActiveCfg = Release|x86
		{FAA3A0C5-8F50-4EFB-9D10-B7E114DA2040}.Release|Mixed Platforms.Build.0 = Release|x86
		{FAA3A0C5-8F50-4EFB-9D10-B7E114DA2040}.Release|x86.ActiveCfg = Release|x86
		{FAA3A0C5-8F50-4EFB-9D10-B7E114DA2040}.Release|x86.Build.0 = Release|x86
		{82838DB3-B77C-4AEE-AC7A-29CD3F816815}.Debug|Any CPU.ActiveCfg = Debug|Any CPU
		{82838DB3-B77C-4AEE-AC7A-29CD3F816815}.Debug|Any CPU.Build.0 = Debug|Any CPU
		{82838DB3-B77C-4AEE-AC7A-29CD3F816815}.Debug|Mixed Platforms.ActiveCfg = Debug|Any CPU
		{82838DB3-B77C-4AEE-AC7A-29CD3F816815}.Debug|Mixed Platforms.Build.0 = Debug|Any CPU
		{82838DB3-B77C-4AEE-AC7A-29CD3F816815}.Debug|x86.ActiveCfg = Debug|Any CPU
		{82838DB3-B77C-4AEE-AC7A-29CD3F816815}.Release|Any CPU.ActiveCfg = Release|Any CPU
		{82838DB3-B77C-4AEE-AC7A-29CD3F816815}.Release|Any CPU.Build.0 = Release|Any CPU
		{82838DB3-B77C-4AEE-AC7A-29CD3F816815}.Release|Mixed Platforms.ActiveCfg = Release|Any CPU
		{82838DB3-B77C-4AEE-AC7A-29CD3F816815}.Release|Mixed Platforms.Build.0 = Release|Any CPU
		{82838DB3-B77C-4AEE-AC7A-29CD3F816815}.Release|x86.ActiveCfg = Release|Any CPU
		{BF8705CC-B976-453C-916B-04F1B67EA035}.Debug|Any CPU.ActiveCfg = Debug|Any CPU
		{BF8705CC-B976-453C-916B-04F1B67EA035}.Debug|Any CPU.Build.0 = Debug|Any CPU
		{BF8705CC-B976-453C-916B-04F1B67EA035}.Debug|Mixed Platforms.ActiveCfg = Debug|Any CPU
		{BF8705CC-B976-453C-916B-04F1B67EA035}.Debug|Mixed Platforms.Build.0 = Debug|Any CPU
		{BF8705CC-B976-453C-916B-04F1B67EA035}.Debug|x86.ActiveCfg = Debug|Any CPU
		{BF8705CC-B976-453C-916B-04F1B67EA035}.Release|Any CPU.ActiveCfg = Release|Any CPU
		{BF8705CC-B976-453C-916B-04F1B67EA035}.Release|Any CPU.Build.0 = Release|Any CPU
		{BF8705CC-B976-453C-916B-04F1B67EA035}.Release|Mixed Platforms.ActiveCfg = Release|Any CPU
		{BF8705CC-B976-453C-916B-04F1B67EA035}.Release|Mixed Platforms.Build.0 = Release|Any CPU
		{BF8705CC-B976-453C-916B-04F1B67EA035}.Release|x86.ActiveCfg = Release|Any CPU
		{D87145D1-8315-4014-B79F-D378E1A7559C}.Debug|Any CPU.ActiveCfg = Debug|Any CPU
		{D87145D1-8315-4014-B79F-D378E1A7559C}.Debug|Any CPU.Build.0 = Debug|Any CPU
		{D87145D1-8315-4014-B79F-D378E1A7559C}.Debug|Mixed Platforms.ActiveCfg = Debug|Any CPU
		{D87145D1-8315-4014-B79F-D378E1A7559C}.Debug|Mixed Platforms.Build.0 = Debug|Any CPU
		{D87145D1-8315-4014-B79F-D378E1A7559C}.Debug|x86.ActiveCfg = Debug|Any CPU
		{D87145D1-8315-4014-B79F-D378E1A7559C}.Release|Any CPU.ActiveCfg = Release|Any CPU
		{D87145D1-8315-4014-B79F-D378E1A7559C}.Release|Any CPU.Build.0 = Release|Any CPU
		{D87145D1-8315-4014-B79F-D378E1A7559C}.Release|Mixed Platforms.ActiveCfg = Release|Any CPU
		{D87145D1-8315-4014-B79F-D378E1A7559C}.Release|Mixed Platforms.Build.0 = Release|Any CPU
		{D87145D1-8315-4014-B79F-D378E1A7559C}.Release|x86.ActiveCfg = Release|Any CPU
		{572DE8E6-DAE7-4541-81B6-AB0422ACBC6D}.Debug|Any CPU.ActiveCfg = Debug|Any CPU
		{572DE8E6-DAE7-4541-81B6-AB0422ACBC6D}.Debug|Any CPU.Build.0 = Debug|Any CPU
		{572DE8E6-DAE7-4541-81B6-AB0422ACBC6D}.Debug|Mixed Platforms.ActiveCfg = Debug|Any CPU
		{572DE8E6-DAE7-4541-81B6-AB0422ACBC6D}.Debug|Mixed Platforms.Build.0 = Debug|Any CPU
		{572DE8E6-DAE7-4541-81B6-AB0422ACBC6D}.Debug|x86.ActiveCfg = Debug|Any CPU
		{572DE8E6-DAE7-4541-81B6-AB0422ACBC6D}.Release|Any CPU.ActiveCfg = Release|Any CPU
		{572DE8E6-DAE7-4541-81B6-AB0422ACBC6D}.Release|Any CPU.Build.0 = Release|Any CPU
		{572DE8E6-DAE7-4541-81B6-AB0422ACBC6D}.Release|Mixed Platforms.ActiveCfg = Release|Any CPU
		{572DE8E6-DAE7-4541-81B6-AB0422ACBC6D}.Release|Mixed Platforms.Build.0 = Release|Any CPU
		{572DE8E6-DAE7-4541-81B6-AB0422ACBC6D}.Release|x86.ActiveCfg = Release|Any CPU
		{E50E8F57-2805-4C0B-B826-754AB1E9C257}.Debug|Any CPU.ActiveCfg = Debug|x86
		{E50E8F57-2805-4C0B-B826-754AB1E9C257}.Debug|Mixed Platforms.ActiveCfg = Debug|x86
		{E50E8F57-2805-4C0B-B826-754AB1E9C257}.Debug|Mixed Platforms.Build.0 = Debug|x86
		{E50E8F57-2805-4C0B-B826-754AB1E9C257}.Debug|x86.ActiveCfg = Debug|x86
		{E50E8F57-2805-4C0B-B826-754AB1E9C257}.Debug|x86.Build.0 = Debug|x86
		{E50E8F57-2805-4C0B-B826-754AB1E9C257}.Release|Any CPU.ActiveCfg = Release|x86
		{E50E8F57-2805-4C0B-B826-754AB1E9C257}.Release|Mixed Platforms.ActiveCfg = Release|x86
		{E50E8F57-2805-4C0B-B826-754AB1E9C257}.Release|Mixed Platforms.Build.0 = Release|x86
		{E50E8F57-2805-4C0B-B826-754AB1E9C257}.Release|x86.ActiveCfg = Release|x86
		{E50E8F57-2805-4C0B-B826-754AB1E9C257}.Release|x86.Build.0 = Release|x86
		{E3F74663-FC5A-4E92-B47C-C5B882B63D3B}.Debug|Any CPU.ActiveCfg = Debug|Any CPU
		{E3F74663-FC5A-4E92-B47C-C5B882B63D3B}.Debug|Any CPU.Build.0 = Debug|Any CPU
		{E3F74663-FC5A-4E92-B47C-C5B882B63D3B}.Debug|Mixed Platforms.ActiveCfg = Debug|Any CPU
		{E3F74663-FC5A-4E92-B47C-C5B882B63D3B}.Debug|Mixed Platforms.Build.0 = Debug|Any CPU
		{E3F74663-FC5A-4E92-B47C-C5B882B63D3B}.Debug|x86.ActiveCfg = Debug|Any CPU
		{E3F74663-FC5A-4E92-B47C-C5B882B63D3B}.Release|Any CPU.ActiveCfg = Release|Any CPU
		{E3F74663-FC5A-4E92-B47C-C5B882B63D3B}.Release|Any CPU.Build.0 = Release|Any CPU
		{E3F74663-FC5A-4E92-B47C-C5B882B63D3B}.Release|Mixed Platforms.ActiveCfg = Release|Any CPU
		{E3F74663-FC5A-4E92-B47C-C5B882B63D3B}.Release|Mixed Platforms.Build.0 = Release|Any CPU
		{E3F74663-FC5A-4E92-B47C-C5B882B63D3B}.Release|x86.ActiveCfg = Release|Any CPU
	EndGlobalSection
	GlobalSection(SolutionProperties) = preSolution
		HideSolutionNode = FALSE
	EndGlobalSection
EndGlobal
