
Microsoft Visual Studio Solution File, Format Version 10.00
# Visual Studio 2008
Project("{FAE04EC0-301F-11D3-BF4B-00C04F79EFBC}") = "tcas", "tcas\tcas.csproj", "{1A5A0BE6-F1E7-4C73-B930-C69288265AB9}"
EndProject
Global
	GlobalSection(SolutionConfigurationPlatforms) = preSolution
		Debug|Any CPU = Debug|Any CPU
		Release|Any CPU = Release|Any CPU
	EndGlobalSection
	GlobalSection(ProjectConfigurationPlatforms) = postSolution
		{1A5A0BE6-F1E7-4C73-B930-C69288265AB9}.Debug|Any CPU.ActiveCfg = Debug|Any CPU
		{1A5A0BE6-F1E7-4C73-B930-C69288265AB9}.Debug|Any CPU.Build.0 = Debug|Any CPU
		{1A5A0BE6-F1E7-4C73-B930-C69288265AB9}.Release|Any CPU.ActiveCfg = Release|Any CPU
		{1A5A0BE6-F1E7-4C73-B930-C69288265AB9}.Release|Any CPU.Build.0 = Release|Any CPU
	EndGlobalSection
	GlobalSection(SolutionProperties) = preSolution
		HideSolutionNode = FALSE
	EndGlobalSection
EndGlobal
