
Microsoft Visual Studio Solution File, Format Version 11.00
# Visual Studio 2010
Project("{2150E333-8FDC-42A3-9474-1A3956D46DE8}") = "Solution Items", "Solution Items", "{E07A1000-AA38-4936-A61A-DA5901D1FACE}"
	ProjectSection(SolutionItems) = preProject
		LocalTestRun.testrunconfig = LocalTestRun.testrunconfig
		Strings.vsmdi = Strings.vsmdi
	EndProjectSection
EndProject
Project("{FAE04EC0-301F-11D3-BF4B-00C04F79EFBC}") = "Strings", "Strings\Strings.csproj", "{FCB71BE3-FC78-440B-BDCD-B74CE5368016}"
EndProject
Project("{FAE04EC0-301F-11D3-BF4B-00C04F79EFBC}") = "Strings.Tests", "Strings.Tests\Strings.Tests.csproj", "{82542E6B-3994-4E75-9DEF-F5FB43BDA9FE}"
EndProject
Global
	GlobalSection(TestCaseManagementSettings) = postSolution
		CategoryFile = Strings.vsmdi
	EndGlobalSection
	GlobalSection(SolutionConfigurationPlatforms) = preSolution
		Debug|Any CPU = Debug|Any CPU
		Release|Any CPU = Release|Any CPU
	EndGlobalSection
	GlobalSection(ProjectConfigurationPlatforms) = postSolution
		{FCB71BE3-FC78-440B-BDCD-B74CE5368016}.Debug|Any CPU.ActiveCfg = Debug|Any CPU
		{FCB71BE3-FC78-440B-BDCD-B74CE5368016}.Debug|Any CPU.Build.0 = Debug|Any CPU
		{FCB71BE3-FC78-440B-BDCD-B74CE5368016}.Release|Any CPU.ActiveCfg = Release|Any CPU
		{FCB71BE3-FC78-440B-BDCD-B74CE5368016}.Release|Any CPU.Build.0 = Release|Any CPU
		{82542E6B-3994-4E75-9DEF-F5FB43BDA9FE}.Debug|Any CPU.ActiveCfg = Debug|Any CPU
		{82542E6B-3994-4E75-9DEF-F5FB43BDA9FE}.Debug|Any CPU.Build.0 = Debug|Any CPU
		{82542E6B-3994-4E75-9DEF-F5FB43BDA9FE}.Release|Any CPU.ActiveCfg = Release|Any CPU
		{82542E6B-3994-4E75-9DEF-F5FB43BDA9FE}.Release|Any CPU.Build.0 = Release|Any CPU
	EndGlobalSection
	GlobalSection(SolutionProperties) = preSolution
		HideSolutionNode = FALSE
	EndGlobalSection
EndGlobal
