
Microsoft Visual Studio Solution File, Format Version 11.00
# Visual Studio 2010
Project("{FAE04EC0-301F-11D3-BF4B-00C04F79EFBC}") = "schedule2", "schedule2\schedule2.csproj", "{0E37C25C-9BF7-4700-B9B2-6815436AB5F3}"
EndProject
Project("{FAE04EC0-301F-11D3-BF4B-00C04F79EFBC}") = "schedule2PUT.Tests", "schedule2PUT.Tests\schedule2PUT.Tests.csproj", "{5E4BB592-4BAF-40CA-A323-F34B423141B8}"
EndProject
Project("{2150E333-8FDC-42A3-9474-1A3956D46DE8}") = "Solution Items", "Solution Items", "{9884DE78-60BC-48CC-97A3-4D15AB8E2774}"
	ProjectSection(SolutionItems) = preProject
		Local.testsettings = Local.testsettings
		schedule2.vsmdi = schedule2.vsmdi
		TraceAndTestImpact.testsettings = TraceAndTestImpact.testsettings
	EndProjectSection
EndProject
Global
	GlobalSection(TestCaseManagementSettings) = postSolution
		CategoryFile = schedule2.vsmdi
	EndGlobalSection
	GlobalSection(SolutionConfigurationPlatforms) = preSolution
		Debug|Any CPU = Debug|Any CPU
		Release|Any CPU = Release|Any CPU
	EndGlobalSection
	GlobalSection(ProjectConfigurationPlatforms) = postSolution
		{0E37C25C-9BF7-4700-B9B2-6815436AB5F3}.Debug|Any CPU.ActiveCfg = Debug|Any CPU
		{0E37C25C-9BF7-4700-B9B2-6815436AB5F3}.Debug|Any CPU.Build.0 = Debug|Any CPU
		{0E37C25C-9BF7-4700-B9B2-6815436AB5F3}.Release|Any CPU.ActiveCfg = Release|Any CPU
		{0E37C25C-9BF7-4700-B9B2-6815436AB5F3}.Release|Any CPU.Build.0 = Release|Any CPU
		{5E4BB592-4BAF-40CA-A323-F34B423141B8}.Debug|Any CPU.ActiveCfg = Debug|Any CPU
		{5E4BB592-4BAF-40CA-A323-F34B423141B8}.Debug|Any CPU.Build.0 = Debug|Any CPU
		{5E4BB592-4BAF-40CA-A323-F34B423141B8}.Release|Any CPU.ActiveCfg = Release|Any CPU
		{5E4BB592-4BAF-40CA-A323-F34B423141B8}.Release|Any CPU.Build.0 = Release|Any CPU
	EndGlobalSection
	GlobalSection(SolutionProperties) = preSolution
		HideSolutionNode = FALSE
	EndGlobalSection
EndGlobal
